
Microsoft Visual Studio Solution File, Format Version 12.00
# Visual Studio 15
Project("{FAE04EC0-301F-11D3-BF4B-00C04F79EFBC}") = "Assembly-CSharp", "Assembly-CSharp.csproj", "{FCE5A21E-F119-883C-ACAB-9FA58099DAAB}"
EndProject
Global
	GlobalSection(SolutionConfigurationPlatforms) = preSolution
		Debug|Any CPU = Debug|Any CPU
		Release|Any CPU = Release|Any CPU
	EndGlobalSection
	GlobalSection(ProjectConfigurationPlatforms) = postSolution
		{FCE5A21E-F119-883C-ACAB-9FA58099DAAB}.Debug|Any CPU.ActiveCfg = Debug|Any CPU
		{FCE5A21E-F119-883C-ACAB-9FA58099DAAB}.Debug|Any CPU.Build.0 = Debug|Any CPU
		{FCE5A21E-F119-883C-ACAB-9FA58099DAAB}.Release|Any CPU.ActiveCfg = Release|Any CPU
		{FCE5A21E-F119-883C-ACAB-9FA58099DAAB}.Release|Any CPU.Build.0 = Release|Any CPU
	EndGlobalSection
	GlobalSection(SolutionProperties) = preSolution
		HideSolutionNode = FALSE
	EndGlobalSection
EndGlobal
